
Microsoft Visual Studio Solution File, Format Version 12.00
# Visual Studio 15
VisualStudioVersion = 15.0.28307.572
MinimumVisualStudioVersion = 10.0.40219.1
Project("{FAE04EC0-301F-11D3-BF4B-00C04F79EFBC}") = "MaxiMarkets", "MaxiMarkets\MaxiMarkets.csproj", "{6FC70B7D-7D76-4F1F-8535-A691B4BEDE8C}"
EndProject
Global
	GlobalSection(SolutionConfigurationPlatforms) = preSolution
		Debug|Any CPU = Debug|Any CPU
		Release|Any CPU = Release|Any CPU
	EndGlobalSection
	GlobalSection(ProjectConfigurationPlatforms) = postSolution
		{6FC70B7D-7D76-4F1F-8535-A691B4BEDE8C}.Debug|Any CPU.ActiveCfg = Debug|Any CPU
		{6FC70B7D-7D76-4F1F-8535-A691B4BEDE8C}.Debug|Any CPU.Build.0 = Debug|Any CPU
		{6FC70B7D-7D76-4F1F-8535-A691B4BEDE8C}.Release|Any CPU.ActiveCfg = Release|Any CPU
		{6FC70B7D-7D76-4F1F-8535-A691B4BEDE8C}.Release|Any CPU.Build.0 = Release|Any CPU
	EndGlobalSection
	GlobalSection(SolutionProperties) = preSolution
		HideSolutionNode = FALSE
	EndGlobalSection
	GlobalSection(ExtensibilityGlobals) = postSolution
		SolutionGuid = {BEB02428-BC2C-436F-AE13-800E7BA2890E}
	EndGlobalSection
EndGlobal
